<?xml version="1.0" encoding="UTF-8"?>
<CodeBlocks_project_file>
	<FileVersion major="1" minor="6"/>
	<Project>
		<Option title="Windows_Helpers"/>
		<Option makefile_is_custom="1"/>
		<Option compiler="gcc"/>
		<Option virtualFolders="CMake Files\;CMake Files\resources\;CMake Files\..\;CMake Files\..\mouse_events\;CMake Files\..\windows_helpers\;"/>
		<Build>
			<Target title="all">
				<Option working_dir="/Users/michzio/Developer/MyProjects/BachelorDegree/c/system/Windows/windows_helpers/outputs"/>
				<Option type="4"/>
				<MakeCommands>
					<Build command="/usr/bin/make -j4 -f &quot;/Users/michzio/Developer/MyProjects/BachelorDegree/c/system/Windows/windows_helpers/outputs/Makefile&quot;  VERBOSE=1 all"/>
					<CompileFile command="/usr/bin/make -j4 -f &quot;/Users/michzio/Developer/MyProjects/BachelorDegree/c/system/Windows/windows_helpers/outputs/Makefile&quot;  VERBOSE=1 &quot;$file&quot;"/>
					<Clean command="/usr/bin/make -j4 -f &quot;/Users/michzio/Developer/MyProjects/BachelorDegree/c/system/Windows/windows_helpers/outputs/Makefile&quot;  VERBOSE=1 clean"/>
					<DistClean command="/usr/bin/make -j4 -f &quot;/Users/michzio/Developer/MyProjects/BachelorDegree/c/system/Windows/windows_helpers/outputs/Makefile&quot;  VERBOSE=1 clean"/>
				</MakeCommands>
			</Target>
			<Target title="Windows_Helpers">
				<Option output="/Users/michzio/Developer/MyProjects/BachelorDegree/c/system/Windows/windows_helpers/outputs/bin/cygwin/windows_helpers" prefix_auto="0" extension_auto="0"/>
				<Option working_dir="/Users/michzio/Developer/MyProjects/BachelorDegree/c/system/Windows/windows_helpers/outputs/bin/cygwin"/>
				<Option object_output="./"/>
				<Option type="1"/>
				<Option compiler="gcc"/>
				<Compiler>
					<Add directory="/Users/michzio/Developer/MyProjects/BachelorDegree/c/system/Windows/keyboard_events/include"/>
					<Add directory="/usr/local/include/libxml2"/>
					<Add directory="/Users/michzio/Developer/MyProjects/BachelorDegree/c/system/Windows/windows_helpers/include"/>
					<Add directory="/Applications/Xcode.app/Contents/Developer/Toolchains/XcodeDefault.xctoolchain/usr/bin/../include/c++/v1"/>
					<Add directory="/usr/local/include"/>
					<Add directory="/Applications/Xcode.app/Contents/Developer/Toolchains/XcodeDefault.xctoolchain/usr/bin/../lib/clang/8.1.0/include"/>
					<Add directory="/Applications/Xcode.app/Contents/Developer/Toolchains/XcodeDefault.xctoolchain/usr/include"/>
					<Add directory="/System/Library/Frameworks"/>
					<Add directory="/Library/Frameworks"/>
				</Compiler>
				<MakeCommands>
					<Build command="/usr/bin/make -j4 -f &quot;/Users/michzio/Developer/MyProjects/BachelorDegree/c/system/Windows/windows_helpers/outputs/Makefile&quot;  VERBOSE=1 Windows_Helpers"/>
					<CompileFile command="/usr/bin/make -j4 -f &quot;/Users/michzio/Developer/MyProjects/BachelorDegree/c/system/Windows/windows_helpers/outputs/Makefile&quot;  VERBOSE=1 &quot;$file&quot;"/>
					<Clean command="/usr/bin/make -j4 -f &quot;/Users/michzio/Developer/MyProjects/BachelorDegree/c/system/Windows/windows_helpers/outputs/Makefile&quot;  VERBOSE=1 clean"/>
					<DistClean command="/usr/bin/make -j4 -f &quot;/Users/michzio/Developer/MyProjects/BachelorDegree/c/system/Windows/windows_helpers/outputs/Makefile&quot;  VERBOSE=1 clean"/>
				</MakeCommands>
			</Target>
			<Target title="Windows_Helpers/fast">
				<Option output="/Users/michzio/Developer/MyProjects/BachelorDegree/c/system/Windows/windows_helpers/outputs/bin/cygwin/windows_helpers" prefix_auto="0" extension_auto="0"/>
				<Option working_dir="/Users/michzio/Developer/MyProjects/BachelorDegree/c/system/Windows/windows_helpers/outputs/bin/cygwin"/>
				<Option object_output="./"/>
				<Option type="1"/>
				<Option compiler="gcc"/>
				<Compiler>
					<Add directory="/Users/michzio/Developer/MyProjects/BachelorDegree/c/system/Windows/keyboard_events/include"/>
					<Add directory="/usr/local/include/libxml2"/>
					<Add directory="/Users/michzio/Developer/MyProjects/BachelorDegree/c/system/Windows/windows_helpers/include"/>
					<Add directory="/Applications/Xcode.app/Contents/Developer/Toolchains/XcodeDefault.xctoolchain/usr/bin/../include/c++/v1"/>
					<Add directory="/usr/local/include"/>
					<Add directory="/Applications/Xcode.app/Contents/Developer/Toolchains/XcodeDefault.xctoolchain/usr/bin/../lib/clang/8.1.0/include"/>
					<Add directory="/Applications/Xcode.app/Contents/Developer/Toolchains/XcodeDefault.xctoolchain/usr/include"/>
					<Add directory="/System/Library/Frameworks"/>
					<Add directory="/Library/Frameworks"/>
				</Compiler>
				<MakeCommands>
					<Build command="/usr/bin/make -j4 -f &quot;/Users/michzio/Developer/MyProjects/BachelorDegree/c/system/Windows/windows_helpers/outputs/Makefile&quot;  VERBOSE=1 Windows_Helpers/fast"/>
					<CompileFile command="/usr/bin/make -j4 -f &quot;/Users/michzio/Developer/MyProjects/BachelorDegree/c/system/Windows/windows_helpers/outputs/Makefile&quot;  VERBOSE=1 &quot;$file&quot;"/>
					<Clean command="/usr/bin/make -j4 -f &quot;/Users/michzio/Developer/MyProjects/BachelorDegree/c/system/Windows/windows_helpers/outputs/Makefile&quot;  VERBOSE=1 clean"/>
					<DistClean command="/usr/bin/make -j4 -f &quot;/Users/michzio/Developer/MyProjects/BachelorDegree/c/system/Windows/windows_helpers/outputs/Makefile&quot;  VERBOSE=1 clean"/>
				</MakeCommands>
			</Target>
			<Target title="Windows_Helpers_Lib_Static">
				<Option output="/Users/michzio/Developer/MyProjects/BachelorDegree/c/system/Windows/windows_helpers/outputs/lib/cygwin/libwindows_helpers.a" prefix_auto="0" extension_auto="0"/>
				<Option working_dir="/Users/michzio/Developer/MyProjects/BachelorDegree/c/system/Windows/windows_helpers/outputs"/>
				<Option object_output="./"/>
				<Option type="2"/>
				<Option compiler="gcc"/>
				<Compiler>
					<Add directory="/Users/michzio/Developer/MyProjects/BachelorDegree/c/system/Windows/keyboard_events/include"/>
					<Add directory="/usr/local/include/libxml2"/>
					<Add directory="/Users/michzio/Developer/MyProjects/BachelorDegree/c/system/Windows/windows_helpers/include"/>
					<Add directory="/Applications/Xcode.app/Contents/Developer/Toolchains/XcodeDefault.xctoolchain/usr/bin/../include/c++/v1"/>
					<Add directory="/usr/local/include"/>
					<Add directory="/Applications/Xcode.app/Contents/Developer/Toolchains/XcodeDefault.xctoolchain/usr/bin/../lib/clang/8.1.0/include"/>
					<Add directory="/Applications/Xcode.app/Contents/Developer/Toolchains/XcodeDefault.xctoolchain/usr/include"/>
					<Add directory="/System/Library/Frameworks"/>
					<Add directory="/Library/Frameworks"/>
				</Compiler>
				<MakeCommands>
					<Build command="/usr/bin/make -j4 -f &quot;/Users/michzio/Developer/MyProjects/BachelorDegree/c/system/Windows/windows_helpers/outputs/Makefile&quot;  VERBOSE=1 Windows_Helpers_Lib_Static"/>
					<CompileFile command="/usr/bin/make -j4 -f &quot;/Users/michzio/Developer/MyProjects/BachelorDegree/c/system/Windows/windows_helpers/outputs/Makefile&quot;  VERBOSE=1 &quot;$file&quot;"/>
					<Clean command="/usr/bin/make -j4 -f &quot;/Users/michzio/Developer/MyProjects/BachelorDegree/c/system/Windows/windows_helpers/outputs/Makefile&quot;  VERBOSE=1 clean"/>
					<DistClean command="/usr/bin/make -j4 -f &quot;/Users/michzio/Developer/MyProjects/BachelorDegree/c/system/Windows/windows_helpers/outputs/Makefile&quot;  VERBOSE=1 clean"/>
				</MakeCommands>
			</Target>
			<Target title="Windows_Helpers_Lib_Static/fast">
				<Option output="/Users/michzio/Developer/MyProjects/BachelorDegree/c/system/Windows/windows_helpers/outputs/lib/cygwin/libwindows_helpers.a" prefix_auto="0" extension_auto="0"/>
				<Option working_dir="/Users/michzio/Developer/MyProjects/BachelorDegree/c/system/Windows/windows_helpers/outputs"/>
				<Option object_output="./"/>
				<Option type="2"/>
				<Option compiler="gcc"/>
				<Compiler>
					<Add directory="/Users/michzio/Developer/MyProjects/BachelorDegree/c/system/Windows/keyboard_events/include"/>
					<Add directory="/usr/local/include/libxml2"/>
					<Add directory="/Users/michzio/Developer/MyProjects/BachelorDegree/c/system/Windows/windows_helpers/include"/>
					<Add directory="/Applications/Xcode.app/Contents/Developer/Toolchains/XcodeDefault.xctoolchain/usr/bin/../include/c++/v1"/>
					<Add directory="/usr/local/include"/>
					<Add directory="/Applications/Xcode.app/Contents/Developer/Toolchains/XcodeDefault.xctoolchain/usr/bin/../lib/clang/8.1.0/include"/>
					<Add directory="/Applications/Xcode.app/Contents/Developer/Toolchains/XcodeDefault.xctoolchain/usr/include"/>
					<Add directory="/System/Library/Frameworks"/>
					<Add directory="/Library/Frameworks"/>
				</Compiler>
				<MakeCommands>
					<Build command="/usr/bin/make -j4 -f &quot;/Users/michzio/Developer/MyProjects/BachelorDegree/c/system/Windows/windows_helpers/outputs/Makefile&quot;  VERBOSE=1 Windows_Helpers_Lib_Static/fast"/>
					<CompileFile command="/usr/bin/make -j4 -f &quot;/Users/michzio/Developer/MyProjects/BachelorDegree/c/system/Windows/windows_helpers/outputs/Makefile&quot;  VERBOSE=1 &quot;$file&quot;"/>
					<Clean command="/usr/bin/make -j4 -f &quot;/Users/michzio/Developer/MyProjects/BachelorDegree/c/system/Windows/windows_helpers/outputs/Makefile&quot;  VERBOSE=1 clean"/>
					<DistClean command="/usr/bin/make -j4 -f &quot;/Users/michzio/Developer/MyProjects/BachelorDegree/c/system/Windows/windows_helpers/outputs/Makefile&quot;  VERBOSE=1 clean"/>
				</MakeCommands>
			</Target>
			<Target title="Windows_Helpers_Lib">
				<Option output="/Users/michzio/Developer/MyProjects/BachelorDegree/c/system/Windows/windows_helpers/outputs/lib/cygwin/libwindows_helpers.dylib" prefix_auto="0" extension_auto="0"/>
				<Option working_dir="/Users/michzio/Developer/MyProjects/BachelorDegree/c/system/Windows/windows_helpers/outputs"/>
				<Option object_output="./"/>
				<Option type="3"/>
				<Option compiler="gcc"/>
				<Compiler>
					<Add directory="/Users/michzio/Developer/MyProjects/BachelorDegree/c/system/Windows/keyboard_events/include"/>
					<Add directory="/usr/local/include/libxml2"/>
					<Add directory="/Users/michzio/Developer/MyProjects/BachelorDegree/c/system/Windows/windows_helpers/include"/>
					<Add directory="/Applications/Xcode.app/Contents/Developer/Toolchains/XcodeDefault.xctoolchain/usr/bin/../include/c++/v1"/>
					<Add directory="/usr/local/include"/>
					<Add directory="/Applications/Xcode.app/Contents/Developer/Toolchains/XcodeDefault.xctoolchain/usr/bin/../lib/clang/8.1.0/include"/>
					<Add directory="/Applications/Xcode.app/Contents/Developer/Toolchains/XcodeDefault.xctoolchain/usr/include"/>
					<Add directory="/System/Library/Frameworks"/>
					<Add directory="/Library/Frameworks"/>
				</Compiler>
				<MakeCommands>
					<Build command="/usr/bin/make -j4 -f &quot;/Users/michzio/Developer/MyProjects/BachelorDegree/c/system/Windows/windows_helpers/outputs/Makefile&quot;  VERBOSE=1 Windows_Helpers_Lib"/>
					<CompileFile command="/usr/bin/make -j4 -f &quot;/Users/michzio/Developer/MyProjects/BachelorDegree/c/system/Windows/windows_helpers/outputs/Makefile&quot;  VERBOSE=1 &quot;$file&quot;"/>
					<Clean command="/usr/bin/make -j4 -f &quot;/Users/michzio/Developer/MyProjects/BachelorDegree/c/system/Windows/windows_helpers/outputs/Makefile&quot;  VERBOSE=1 clean"/>
					<DistClean command="/usr/bin/make -j4 -f &quot;/Users/michzio/Developer/MyProjects/BachelorDegree/c/system/Windows/windows_helpers/outputs/Makefile&quot;  VERBOSE=1 clean"/>
				</MakeCommands>
			</Target>
			<Target title="Windows_Helpers_Lib/fast">
				<Option output="/Users/michzio/Developer/MyProjects/BachelorDegree/c/system/Windows/windows_helpers/outputs/lib/cygwin/libwindows_helpers.dylib" prefix_auto="0" extension_auto="0"/>
				<Option working_dir="/Users/michzio/Developer/MyProjects/BachelorDegree/c/system/Windows/windows_helpers/outputs"/>
				<Option object_output="./"/>
				<Option type="3"/>
				<Option compiler="gcc"/>
				<Compiler>
					<Add directory="/Users/michzio/Developer/MyProjects/BachelorDegree/c/system/Windows/keyboard_events/include"/>
					<Add directory="/usr/local/include/libxml2"/>
					<Add directory="/Users/michzio/Developer/MyProjects/BachelorDegree/c/system/Windows/windows_helpers/include"/>
					<Add directory="/Applications/Xcode.app/Contents/Developer/Toolchains/XcodeDefault.xctoolchain/usr/bin/../include/c++/v1"/>
					<Add directory="/usr/local/include"/>
					<Add directory="/Applications/Xcode.app/Contents/Developer/Toolchains/XcodeDefault.xctoolchain/usr/bin/../lib/clang/8.1.0/include"/>
					<Add directory="/Applications/Xcode.app/Contents/Developer/Toolchains/XcodeDefault.xctoolchain/usr/include"/>
					<Add directory="/System/Library/Frameworks"/>
					<Add directory="/Library/Frameworks"/>
				</Compiler>
				<MakeCommands>
					<Build command="/usr/bin/make -j4 -f &quot;/Users/michzio/Developer/MyProjects/BachelorDegree/c/system/Windows/windows_helpers/outputs/Makefile&quot;  VERBOSE=1 Windows_Helpers_Lib/fast"/>
					<CompileFile command="/usr/bin/make -j4 -f &quot;/Users/michzio/Developer/MyProjects/BachelorDegree/c/system/Windows/windows_helpers/outputs/Makefile&quot;  VERBOSE=1 &quot;$file&quot;"/>
					<Clean command="/usr/bin/make -j4 -f &quot;/Users/michzio/Developer/MyProjects/BachelorDegree/c/system/Windows/windows_helpers/outputs/Makefile&quot;  VERBOSE=1 clean"/>
					<DistClean command="/usr/bin/make -j4 -f &quot;/Users/michzio/Developer/MyProjects/BachelorDegree/c/system/Windows/windows_helpers/outputs/Makefile&quot;  VERBOSE=1 clean"/>
				</MakeCommands>
			</Target>
		</Build>
		<Unit filename="/Users/michzio/Developer/MyProjects/BachelorDegree/c/system/Windows/windows_helpers/include/windows_helpers/windows.h">
			<Option target="Windows_Helpers_Lib_Static"/>
			<Option target="Windows_Helpers_Lib"/>
		</Unit>
		<Unit filename="/Users/michzio/Developer/MyProjects/BachelorDegree/c/system/Windows/windows_helpers/src/main.c">
			<Option target="Windows_Helpers"/>
		</Unit>
		<Unit filename="/Users/michzio/Developer/MyProjects/BachelorDegree/c/system/Windows/windows_helpers/src/windows_helpers/windows.c">
			<Option target="Windows_Helpers_Lib_Static"/>
			<Option target="Windows_Helpers_Lib"/>
		</Unit>
		<Unit filename="/Users/michzio/Developer/MyProjects/BachelorDegree/c/system/Windows/keyboard_events/CMakeLists.txt">
			<Option virtualFolder="CMake Files\"/>
		</Unit>
		<Unit filename="/Users/michzio/Developer/MyProjects/BachelorDegree/c/system/Windows/keyboard_events/resources/application_hotkeys.xml">
			<Option virtualFolder="CMake Files\resources\"/>
		</Unit>
		<Unit filename="/Users/michzio/Developer/MyProjects/BachelorDegree/c/system/Windows/keyboard_events/resources/system_hotkeys.xml">
			<Option virtualFolder="CMake Files\resources\"/>
		</Unit>
		<Unit filename="/Users/michzio/Developer/MyProjects/BachelorDegree/c/system/Windows/keyboard_events/../mouse_events/CMakeLists.txt">
			<Option virtualFolder="CMake Files\..\mouse_events\"/>
		</Unit>
		<Unit filename="/Users/michzio/Developer/MyProjects/BachelorDegree/c/system/Windows/keyboard_events/../mouse_events/CMakeLists.txt">
			<Option virtualFolder="CMake Files\..\mouse_events\"/>
		</Unit>
		<Unit filename="/Users/michzio/Developer/MyProjects/BachelorDegree/c/system/Windows/keyboard_events/../windows_helpers/CMakeLists.txt">
			<Option virtualFolder="CMake Files\..\windows_helpers\"/>
		</Unit>
		<Unit filename="/Users/michzio/Developer/MyProjects/BachelorDegree/c/system/Windows/keyboard_events/../windows_helpers/CMakeLists.txt">
			<Option virtualFolder="CMake Files\..\windows_helpers\"/>
		</Unit>
	</Project>
</CodeBlocks_project_file>
